
Microsoft Visual Studio Solution File, Format Version 12.00
# Visual Studio Version 17
VisualStudioVersion = 17.11.35222.181
MinimumVisualStudioVersion = 10.0.40219.1
Project("{FAE04EC0-301F-11D3-BF4B-00C04F79EFBC}") = "trackit.server", "trackit.server.csproj", "{61E6F3C1-BEB1-41AA-9278-0C0CF33EF35C}"
EndProject
Global
	GlobalSection(SolutionConfigurationPlatforms) = preSolution
		Debug|Any CPU = Debug|Any CPU
		Release|Any CPU = Release|Any CPU
	EndGlobalSection
	GlobalSection(ProjectConfigurationPlatforms) = postSolution
		{61E6F3C1-BEB1-41AA-9278-0C0CF33EF35C}.Debug|Any CPU.ActiveCfg = Debug|Any CPU
		{61E6F3C1-BEB1-41AA-9278-0C0CF33EF35C}.Debug|Any CPU.Build.0 = Debug|Any CPU
		{61E6F3C1-BEB1-41AA-9278-0C0CF33EF35C}.Release|Any CPU.ActiveCfg = Release|Any CPU
		{61E6F3C1-BEB1-41AA-9278-0C0CF33EF35C}.Release|Any CPU.Build.0 = Release|Any CPU
	EndGlobalSection
	GlobalSection(SolutionProperties) = preSolution
		HideSolutionNode = FALSE
	EndGlobalSection
	GlobalSection(ExtensibilityGlobals) = postSolution
		SolutionGuid = {2155A7F0-A23A-472D-8425-ED3778A8223D}
	EndGlobalSection
EndGlobal
